
Microsoft Visual Studio Solution File, Format Version 12.00
# Visual Studio 15
VisualStudioVersion = 15.0.27703.2035
MinimumVisualStudioVersion = 10.0.40219.1
Project("{2150E333-8FDC-42A3-9474-1A3956D46DE8}") = "ViewModelShared", "ViewModelShared", "{8BDE0543-2D81-4C45-B756-323B7010736B}"
EndProject
Project("{2150E333-8FDC-42A3-9474-1A3956D46DE8}") = "UIViews", "UIViews", "{2D266C85-5292-4D7D-BCE5-D7A93B07CC21}"
EndProject
Project("{2150E333-8FDC-42A3-9474-1A3956D46DE8}") = "Model", "Model", "{A113CCD9-ABFD-4904-8486-5D7DBBC9BF8C}"
EndProject
Project("{2150E333-8FDC-42A3-9474-1A3956D46DE8}") = "DataServices", "DataServices", "{B59CBF03-24E1-4FC6-B7E3-594DD5717D9F}"
EndProject
Project("{9A19103F-16F7-4668-BE54-9A1E7A4F7556}") = "ShoppingAppServicesAdaptor", "Model\DataServices\ShoppingAppServicesAdaptor\ShoppingAppServicesAdaptor.csproj", "{5FB389CA-B9E7-4E4A-8BFA-1BACBD59B488}"
EndProject
Project("{9A19103F-16F7-4668-BE54-9A1E7A4F7556}") = "AppComponentModels", "Model\AppComponentModels\AppComponentModels.csproj", "{5FBCDBF5-0A6F-4612-853C-FE18090ADCD7}"
EndProject
Project("{9A19103F-16F7-4668-BE54-9A1E7A4F7556}") = "AppConstants", "Model\AppConstants\AppConstants.csproj", "{5B5C1922-4995-41C4-8024-675044958D49}"
EndProject
Project("{9A19103F-16F7-4668-BE54-9A1E7A4F7556}") = "AppInterfaces", "Model\AppInterfaces\AppInterfaces.csproj", "{9912FA72-EE05-455F-A4B9-099C1A5E616C}"
EndProject
Project("{9A19103F-16F7-4668-BE54-9A1E7A4F7556}") = "HttpClientHandler", "Model\HttpClientHandler\HttpClientHandler.csproj", "{3E0A58AD-A5AA-49E9-BCAD-3872AC92C464}"
EndProject
Project("{FAE04EC0-301F-11D3-BF4B-00C04F79EFBC}") = "ShoppingApp.Droid", "UIViews\ShoppingApp.Droid\ShoppingApp.Droid.csproj", "{CCB1B74E-F72B-44A0-92BB-45E118D798EF}"
EndProject
Project("{FAE04EC0-301F-11D3-BF4B-00C04F79EFBC}") = "ShoppingApp.UWP", "UIViews\ShoppingApp.UWP\ShoppingApp.UWP.csproj", "{04A0108B-562B-4F58-B7C5-43B5C44012CE}"
EndProject
Project("{9A19103F-16F7-4668-BE54-9A1E7A4F7556}") = "ShoppingApp.Core", "ViewModelShared\ShoppingApp.Core\ShoppingApp.Core.csproj", "{94D75F20-8DD2-42DF-97E6-738D02054CBB}"
EndProject
Global
	GlobalSection(SolutionConfigurationPlatforms) = preSolution
		Debug|Any CPU = Debug|Any CPU
		Debug|ARM = Debug|ARM
		Debug|x64 = Debug|x64
		Debug|x86 = Debug|x86
		Release|Any CPU = Release|Any CPU
		Release|ARM = Release|ARM
		Release|x64 = Release|x64
		Release|x86 = Release|x86
	EndGlobalSection
	GlobalSection(ProjectConfigurationPlatforms) = postSolution
		{5FB389CA-B9E7-4E4A-8BFA-1BACBD59B488}.Debug|Any CPU.ActiveCfg = Debug|Any CPU
		{5FB389CA-B9E7-4E4A-8BFA-1BACBD59B488}.Debug|Any CPU.Build.0 = Debug|Any CPU
		{5FB389CA-B9E7-4E4A-8BFA-1BACBD59B488}.Debug|ARM.ActiveCfg = Debug|Any CPU
		{5FB389CA-B9E7-4E4A-8BFA-1BACBD59B488}.Debug|ARM.Build.0 = Debug|Any CPU
		{5FB389CA-B9E7-4E4A-8BFA-1BACBD59B488}.Debug|x64.ActiveCfg = Debug|Any CPU
		{5FB389CA-B9E7-4E4A-8BFA-1BACBD59B488}.Debug|x64.Build.0 = Debug|Any CPU
		{5FB389CA-B9E7-4E4A-8BFA-1BACBD59B488}.Debug|x86.ActiveCfg = Debug|Any CPU
		{5FB389CA-B9E7-4E4A-8BFA-1BACBD59B488}.Debug|x86.Build.0 = Debug|Any CPU
		{5FB389CA-B9E7-4E4A-8BFA-1BACBD59B488}.Release|Any CPU.ActiveCfg = Release|Any CPU
		{5FB389CA-B9E7-4E4A-8BFA-1BACBD59B488}.Release|Any CPU.Build.0 = Release|Any CPU
		{5FB389CA-B9E7-4E4A-8BFA-1BACBD59B488}.Release|ARM.ActiveCfg = Release|Any CPU
		{5FB389CA-B9E7-4E4A-8BFA-1BACBD59B488}.Release|ARM.Build.0 = Release|Any CPU
		{5FB389CA-B9E7-4E4A-8BFA-1BACBD59B488}.Release|x64.ActiveCfg = Release|Any CPU
		{5FB389CA-B9E7-4E4A-8BFA-1BACBD59B488}.Release|x64.Build.0 = Release|Any CPU
		{5FB389CA-B9E7-4E4A-8BFA-1BACBD59B488}.Release|x86.ActiveCfg = Release|Any CPU
		{5FB389CA-B9E7-4E4A-8BFA-1BACBD59B488}.Release|x86.Build.0 = Release|Any CPU
		{5FBCDBF5-0A6F-4612-853C-FE18090ADCD7}.Debug|Any CPU.ActiveCfg = Debug|Any CPU
		{5FBCDBF5-0A6F-4612-853C-FE18090ADCD7}.Debug|Any CPU.Build.0 = Debug|Any CPU
		{5FBCDBF5-0A6F-4612-853C-FE18090ADCD7}.Debug|ARM.ActiveCfg = Debug|Any CPU
		{5FBCDBF5-0A6F-4612-853C-FE18090ADCD7}.Debug|ARM.Build.0 = Debug|Any CPU
		{5FBCDBF5-0A6F-4612-853C-FE18090ADCD7}.Debug|x64.ActiveCfg = Debug|Any CPU
		{5FBCDBF5-0A6F-4612-853C-FE18090ADCD7}.Debug|x64.Build.0 = Debug|Any CPU
		{5FBCDBF5-0A6F-4612-853C-FE18090ADCD7}.Debug|x86.ActiveCfg = Debug|Any CPU
		{5FBCDBF5-0A6F-4612-853C-FE18090ADCD7}.Debug|x86.Build.0 = Debug|Any CPU
		{5FBCDBF5-0A6F-4612-853C-FE18090ADCD7}.Release|Any CPU.ActiveCfg = Release|Any CPU
		{5FBCDBF5-0A6F-4612-853C-FE18090ADCD7}.Release|Any CPU.Build.0 = Release|Any CPU
		{5FBCDBF5-0A6F-4612-853C-FE18090ADCD7}.Release|ARM.ActiveCfg = Release|Any CPU
		{5FBCDBF5-0A6F-4612-853C-FE18090ADCD7}.Release|ARM.Build.0 = Release|Any CPU
		{5FBCDBF5-0A6F-4612-853C-FE18090ADCD7}.Release|x64.ActiveCfg = Release|Any CPU
		{5FBCDBF5-0A6F-4612-853C-FE18090ADCD7}.Release|x64.Build.0 = Release|Any CPU
		{5FBCDBF5-0A6F-4612-853C-FE18090ADCD7}.Release|x86.ActiveCfg = Release|Any CPU
		{5FBCDBF5-0A6F-4612-853C-FE18090ADCD7}.Release|x86.Build.0 = Release|Any CPU
		{5B5C1922-4995-41C4-8024-675044958D49}.Debug|Any CPU.ActiveCfg = Debug|Any CPU
		{5B5C1922-4995-41C4-8024-675044958D49}.Debug|Any CPU.Build.0 = Debug|Any CPU
		{5B5C1922-4995-41C4-8024-675044958D49}.Debug|ARM.ActiveCfg = Debug|Any CPU
		{5B5C1922-4995-41C4-8024-675044958D49}.Debug|ARM.Build.0 = Debug|Any CPU
		{5B5C1922-4995-41C4-8024-675044958D49}.Debug|x64.ActiveCfg = Debug|Any CPU
		{5B5C1922-4995-41C4-8024-675044958D49}.Debug|x64.Build.0 = Debug|Any CPU
		{5B5C1922-4995-41C4-8024-675044958D49}.Debug|x86.ActiveCfg = Debug|Any CPU
		{5B5C1922-4995-41C4-8024-675044958D49}.Debug|x86.Build.0 = Debug|Any CPU
		{5B5C1922-4995-41C4-8024-675044958D49}.Release|Any CPU.ActiveCfg = Release|Any CPU
		{5B5C1922-4995-41C4-8024-675044958D49}.Release|Any CPU.Build.0 = Release|Any CPU
		{5B5C1922-4995-41C4-8024-675044958D49}.Release|ARM.ActiveCfg = Release|Any CPU
		{5B5C1922-4995-41C4-8024-675044958D49}.Release|ARM.Build.0 = Release|Any CPU
		{5B5C1922-4995-41C4-8024-675044958D49}.Release|x64.ActiveCfg = Release|Any CPU
		{5B5C1922-4995-41C4-8024-675044958D49}.Release|x64.Build.0 = Release|Any CPU
		{5B5C1922-4995-41C4-8024-675044958D49}.Release|x86.ActiveCfg = Release|Any CPU
		{5B5C1922-4995-41C4-8024-675044958D49}.Release|x86.Build.0 = Release|Any CPU
		{9912FA72-EE05-455F-A4B9-099C1A5E616C}.Debug|Any CPU.ActiveCfg = Debug|Any CPU
		{9912FA72-EE05-455F-A4B9-099C1A5E616C}.Debug|Any CPU.Build.0 = Debug|Any CPU
		{9912FA72-EE05-455F-A4B9-099C1A5E616C}.Debug|ARM.ActiveCfg = Debug|Any CPU
		{9912FA72-EE05-455F-A4B9-099C1A5E616C}.Debug|ARM.Build.0 = Debug|Any CPU
		{9912FA72-EE05-455F-A4B9-099C1A5E616C}.Debug|x64.ActiveCfg = Debug|Any CPU
		{9912FA72-EE05-455F-A4B9-099C1A5E616C}.Debug|x64.Build.0 = Debug|Any CPU
		{9912FA72-EE05-455F-A4B9-099C1A5E616C}.Debug|x86.ActiveCfg = Debug|Any CPU
		{9912FA72-EE05-455F-A4B9-099C1A5E616C}.Debug|x86.Build.0 = Debug|Any CPU
		{9912FA72-EE05-455F-A4B9-099C1A5E616C}.Release|Any CPU.ActiveCfg = Release|Any CPU
		{9912FA72-EE05-455F-A4B9-099C1A5E616C}.Release|Any CPU.Build.0 = Release|Any CPU
		{9912FA72-EE05-455F-A4B9-099C1A5E616C}.Release|ARM.ActiveCfg = Release|Any CPU
		{9912FA72-EE05-455F-A4B9-099C1A5E616C}.Release|ARM.Build.0 = Release|Any CPU
		{9912FA72-EE05-455F-A4B9-099C1A5E616C}.Release|x64.ActiveCfg = Release|Any CPU
		{9912FA72-EE05-455F-A4B9-099C1A5E616C}.Release|x64.Build.0 = Release|Any CPU
		{9912FA72-EE05-455F-A4B9-099C1A5E616C}.Release|x86.ActiveCfg = Release|Any CPU
		{9912FA72-EE05-455F-A4B9-099C1A5E616C}.Release|x86.Build.0 = Release|Any CPU
		{3E0A58AD-A5AA-49E9-BCAD-3872AC92C464}.Debug|Any CPU.ActiveCfg = Debug|Any CPU
		{3E0A58AD-A5AA-49E9-BCAD-3872AC92C464}.Debug|Any CPU.Build.0 = Debug|Any CPU
		{3E0A58AD-A5AA-49E9-BCAD-3872AC92C464}.Debug|ARM.ActiveCfg = Debug|Any CPU
		{3E0A58AD-A5AA-49E9-BCAD-3872AC92C464}.Debug|ARM.Build.0 = Debug|Any CPU
		{3E0A58AD-A5AA-49E9-BCAD-3872AC92C464}.Debug|x64.ActiveCfg = Debug|Any CPU
		{3E0A58AD-A5AA-49E9-BCAD-3872AC92C464}.Debug|x64.Build.0 = Debug|Any CPU
		{3E0A58AD-A5AA-49E9-BCAD-3872AC92C464}.Debug|x86.ActiveCfg = Debug|Any CPU
		{3E0A58AD-A5AA-49E9-BCAD-3872AC92C464}.Debug|x86.Build.0 = Debug|Any CPU
		{3E0A58AD-A5AA-49E9-BCAD-3872AC92C464}.Release|Any CPU.ActiveCfg = Release|Any CPU
		{3E0A58AD-A5AA-49E9-BCAD-3872AC92C464}.Release|Any CPU.Build.0 = Release|Any CPU
		{3E0A58AD-A5AA-49E9-BCAD-3872AC92C464}.Release|ARM.ActiveCfg = Release|Any CPU
		{3E0A58AD-A5AA-49E9-BCAD-3872AC92C464}.Release|ARM.Build.0 = Release|Any CPU
		{3E0A58AD-A5AA-49E9-BCAD-3872AC92C464}.Release|x64.ActiveCfg = Release|Any CPU
		{3E0A58AD-A5AA-49E9-BCAD-3872AC92C464}.Release|x64.Build.0 = Release|Any CPU
		{3E0A58AD-A5AA-49E9-BCAD-3872AC92C464}.Release|x86.ActiveCfg = Release|Any CPU
		{3E0A58AD-A5AA-49E9-BCAD-3872AC92C464}.Release|x86.Build.0 = Release|Any CPU
		{CCB1B74E-F72B-44A0-92BB-45E118D798EF}.Debug|Any CPU.ActiveCfg = Debug|Any CPU
		{CCB1B74E-F72B-44A0-92BB-45E118D798EF}.Debug|Any CPU.Build.0 = Debug|Any CPU
		{CCB1B74E-F72B-44A0-92BB-45E118D798EF}.Debug|Any CPU.Deploy.0 = Debug|Any CPU
		{CCB1B74E-F72B-44A0-92BB-45E118D798EF}.Debug|ARM.ActiveCfg = Debug|Any CPU
		{CCB1B74E-F72B-44A0-92BB-45E118D798EF}.Debug|ARM.Build.0 = Debug|Any CPU
		{CCB1B74E-F72B-44A0-92BB-45E118D798EF}.Debug|ARM.Deploy.0 = Debug|Any CPU
		{CCB1B74E-F72B-44A0-92BB-45E118D798EF}.Debug|x64.ActiveCfg = Debug|Any CPU
		{CCB1B74E-F72B-44A0-92BB-45E118D798EF}.Debug|x64.Build.0 = Debug|Any CPU
		{CCB1B74E-F72B-44A0-92BB-45E118D798EF}.Debug|x64.Deploy.0 = Debug|Any CPU
		{CCB1B74E-F72B-44A0-92BB-45E118D798EF}.Debug|x86.ActiveCfg = Debug|Any CPU
		{CCB1B74E-F72B-44A0-92BB-45E118D798EF}.Debug|x86.Build.0 = Debug|Any CPU
		{CCB1B74E-F72B-44A0-92BB-45E118D798EF}.Debug|x86.Deploy.0 = Debug|Any CPU
		{CCB1B74E-F72B-44A0-92BB-45E118D798EF}.Release|Any CPU.ActiveCfg = Release|Any CPU
		{CCB1B74E-F72B-44A0-92BB-45E118D798EF}.Release|Any CPU.Build.0 = Release|Any CPU
		{CCB1B74E-F72B-44A0-92BB-45E118D798EF}.Release|Any CPU.Deploy.0 = Release|Any CPU
		{CCB1B74E-F72B-44A0-92BB-45E118D798EF}.Release|ARM.ActiveCfg = Release|Any CPU
		{CCB1B74E-F72B-44A0-92BB-45E118D798EF}.Release|ARM.Build.0 = Release|Any CPU
		{CCB1B74E-F72B-44A0-92BB-45E118D798EF}.Release|ARM.Deploy.0 = Release|Any CPU
		{CCB1B74E-F72B-44A0-92BB-45E118D798EF}.Release|x64.ActiveCfg = Release|Any CPU
		{CCB1B74E-F72B-44A0-92BB-45E118D798EF}.Release|x64.Build.0 = Release|Any CPU
		{CCB1B74E-F72B-44A0-92BB-45E118D798EF}.Release|x64.Deploy.0 = Release|Any CPU
		{CCB1B74E-F72B-44A0-92BB-45E118D798EF}.Release|x86.ActiveCfg = Release|Any CPU
		{CCB1B74E-F72B-44A0-92BB-45E118D798EF}.Release|x86.Build.0 = Release|Any CPU
		{CCB1B74E-F72B-44A0-92BB-45E118D798EF}.Release|x86.Deploy.0 = Release|Any CPU
		{04A0108B-562B-4F58-B7C5-43B5C44012CE}.Debug|Any CPU.ActiveCfg = Debug|x86
		{04A0108B-562B-4F58-B7C5-43B5C44012CE}.Debug|ARM.ActiveCfg = Debug|ARM
		{04A0108B-562B-4F58-B7C5-43B5C44012CE}.Debug|ARM.Build.0 = Debug|ARM
		{04A0108B-562B-4F58-B7C5-43B5C44012CE}.Debug|ARM.Deploy.0 = Debug|ARM
		{04A0108B-562B-4F58-B7C5-43B5C44012CE}.Debug|x64.ActiveCfg = Debug|x64
		{04A0108B-562B-4F58-B7C5-43B5C44012CE}.Debug|x64.Build.0 = Debug|x64
		{04A0108B-562B-4F58-B7C5-43B5C44012CE}.Debug|x64.Deploy.0 = Debug|x64
		{04A0108B-562B-4F58-B7C5-43B5C44012CE}.Debug|x86.ActiveCfg = Debug|x86
		{04A0108B-562B-4F58-B7C5-43B5C44012CE}.Debug|x86.Build.0 = Debug|x86
		{04A0108B-562B-4F58-B7C5-43B5C44012CE}.Debug|x86.Deploy.0 = Debug|x86
		{04A0108B-562B-4F58-B7C5-43B5C44012CE}.Release|Any CPU.ActiveCfg = Release|x86
		{04A0108B-562B-4F58-B7C5-43B5C44012CE}.Release|ARM.ActiveCfg = Release|ARM
		{04A0108B-562B-4F58-B7C5-43B5C44012CE}.Release|ARM.Build.0 = Release|ARM
		{04A0108B-562B-4F58-B7C5-43B5C44012CE}.Release|ARM.Deploy.0 = Release|ARM
		{04A0108B-562B-4F58-B7C5-43B5C44012CE}.Release|x64.ActiveCfg = Release|x64
		{04A0108B-562B-4F58-B7C5-43B5C44012CE}.Release|x64.Build.0 = Release|x64
		{04A0108B-562B-4F58-B7C5-43B5C44012CE}.Release|x64.Deploy.0 = Release|x64
		{04A0108B-562B-4F58-B7C5-43B5C44012CE}.Release|x86.ActiveCfg = Release|x86
		{04A0108B-562B-4F58-B7C5-43B5C44012CE}.Release|x86.Build.0 = Release|x86
		{04A0108B-562B-4F58-B7C5-43B5C44012CE}.Release|x86.Deploy.0 = Release|x86
		{94D75F20-8DD2-42DF-97E6-738D02054CBB}.Debug|Any CPU.ActiveCfg = Debug|Any CPU
		{94D75F20-8DD2-42DF-97E6-738D02054CBB}.Debug|Any CPU.Build.0 = Debug|Any CPU
		{94D75F20-8DD2-42DF-97E6-738D02054CBB}.Debug|ARM.ActiveCfg = Debug|Any CPU
		{94D75F20-8DD2-42DF-97E6-738D02054CBB}.Debug|ARM.Build.0 = Debug|Any CPU
		{94D75F20-8DD2-42DF-97E6-738D02054CBB}.Debug|x64.ActiveCfg = Debug|Any CPU
		{94D75F20-8DD2-42DF-97E6-738D02054CBB}.Debug|x64.Build.0 = Debug|Any CPU
		{94D75F20-8DD2-42DF-97E6-738D02054CBB}.Debug|x86.ActiveCfg = Debug|Any CPU
		{94D75F20-8DD2-42DF-97E6-738D02054CBB}.Debug|x86.Build.0 = Debug|Any CPU
		{94D75F20-8DD2-42DF-97E6-738D02054CBB}.Release|Any CPU.ActiveCfg = Release|Any CPU
		{94D75F20-8DD2-42DF-97E6-738D02054CBB}.Release|Any CPU.Build.0 = Release|Any CPU
		{94D75F20-8DD2-42DF-97E6-738D02054CBB}.Release|ARM.ActiveCfg = Release|Any CPU
		{94D75F20-8DD2-42DF-97E6-738D02054CBB}.Release|ARM.Build.0 = Release|Any CPU
		{94D75F20-8DD2-42DF-97E6-738D02054CBB}.Release|x64.ActiveCfg = Release|Any CPU
		{94D75F20-8DD2-42DF-97E6-738D02054CBB}.Release|x64.Build.0 = Release|Any CPU
		{94D75F20-8DD2-42DF-97E6-738D02054CBB}.Release|x86.ActiveCfg = Release|Any CPU
		{94D75F20-8DD2-42DF-97E6-738D02054CBB}.Release|x86.Build.0 = Release|Any CPU
	EndGlobalSection
	GlobalSection(SolutionProperties) = preSolution
		HideSolutionNode = FALSE
	EndGlobalSection
	GlobalSection(NestedProjects) = preSolution
		{B59CBF03-24E1-4FC6-B7E3-594DD5717D9F} = {A113CCD9-ABFD-4904-8486-5D7DBBC9BF8C}
		{5FB389CA-B9E7-4E4A-8BFA-1BACBD59B488} = {B59CBF03-24E1-4FC6-B7E3-594DD5717D9F}
		{5FBCDBF5-0A6F-4612-853C-FE18090ADCD7} = {A113CCD9-ABFD-4904-8486-5D7DBBC9BF8C}
		{5B5C1922-4995-41C4-8024-675044958D49} = {A113CCD9-ABFD-4904-8486-5D7DBBC9BF8C}
		{9912FA72-EE05-455F-A4B9-099C1A5E616C} = {A113CCD9-ABFD-4904-8486-5D7DBBC9BF8C}
		{3E0A58AD-A5AA-49E9-BCAD-3872AC92C464} = {A113CCD9-ABFD-4904-8486-5D7DBBC9BF8C}
		{CCB1B74E-F72B-44A0-92BB-45E118D798EF} = {2D266C85-5292-4D7D-BCE5-D7A93B07CC21}
		{04A0108B-562B-4F58-B7C5-43B5C44012CE} = {2D266C85-5292-4D7D-BCE5-D7A93B07CC21}
		{94D75F20-8DD2-42DF-97E6-738D02054CBB} = {8BDE0543-2D81-4C45-B756-323B7010736B}
	EndGlobalSection
	GlobalSection(ExtensibilityGlobals) = postSolution
		SolutionGuid = {20CA0240-7AEB-4B8D-A7B2-3DB6CEB8B32F}
	EndGlobalSection
EndGlobal
